// !$*UTF8*$!
{
	archiveVersion = 1;
	classes = {
	};
	objectVersion = 50;
	objects = {

/* Begin PBXBuildFile section */
		1E99927D23E4FC620088255B /* AppDelegate.swift in Sources */ = {isa = PBXBuildFile; fileRef = 1E99927C23E4FC620088255B /* AppDelegate.swift */; };
		1E99928123E4FC650088255B /* Assets.xcassets in Resources */ = {isa = PBXBuildFile; fileRef = 1E99928023E4FC650088255B /* Assets.xcassets */; };
		1E99928423E4FC650088255B /* Main.storyboard in Resources */ = {isa = PBXBuildFile; fileRef = 1E99928223E4FC650088255B /* Main.storyboard */; };
		1E99929023E4FC660088255B /* BlueprintTests.swift in Sources */ = {isa = PBXBuildFile; fileRef = 1E99928F23E4FC660088255B /* BlueprintTests.swift */; };
		1E99929B23E4FC660088255B /* BlueprintUITests.swift in Sources */ = {isa = PBXBuildFile; fileRef = 1E99929A23E4FC660088255B /* BlueprintUITests.swift */; };
		1E9992AD23E4FDDB0088255B /* Team.swift in Sources */ = {isa = PBXBuildFile; fileRef = 1E9992AC23E4FDDB0088255B /* Team.swift */; };
		1E9992B023E4FF440088255B /* TeamRepository.swift in Sources */ = {isa = PBXBuildFile; fileRef = 1E9992AF23E4FF440088255B /* TeamRepository.swift */; };
		1E9992B623E503F00088255B /* Teams.json in Resources */ = {isa = PBXBuildFile; fileRef = 1E9992B523E503F00088255B /* Teams.json */; };
		1E9992BA23E5094C0088255B /* TeamListViewController.swift in Sources */ = {isa = PBXBuildFile; fileRef = 1E9992B923E5094C0088255B /* TeamListViewController.swift */; };
		1E9992BC23E509850088255B /* TeamDataSource.swift in Sources */ = {isa = PBXBuildFile; fileRef = 1E9992BB23E509850088255B /* TeamDataSource.swift */; };
		1E9992BF23E50F200088255B /* TeamNameTableCellView.swift in Sources */ = {isa = PBXBuildFile; fileRef = 1E9992BE23E50F200088255B /* TeamNameTableCellView.swift */; };
/* End PBXBuildFile section */

/* Begin PBXContainerItemProxy section */
		1E99928C23E4FC660088255B /* PBXContainerItemProxy */ = {
			isa = PBXContainerItemProxy;
			containerPortal = 1E99927123E4FC620088255B /* Project object */;
			proxyType = 1;
			remoteGlobalIDString = 1E99927823E4FC620088255B;
			remoteInfo = Blueprint;
		};
		1E99929723E4FC660088255B /* PBXContainerItemProxy */ = {
			isa = PBXContainerItemProxy;
			containerPortal = 1E99927123E4FC620088255B /* Project object */;
			proxyType = 1;
			remoteGlobalIDString = 1E99927823E4FC620088255B;
			remoteInfo = Blueprint;
		};
/* End PBXContainerItemProxy section */

/* Begin PBXFileReference section */
		1E99927923E4FC620088255B /* Blueprint.app */ = {isa = PBXFileReference; explicitFileType = wrapper.application; includeInIndex = 0; path = Blueprint.app; sourceTree = BUILT_PRODUCTS_DIR; };
		1E99927C23E4FC620088255B /* AppDelegate.swift */ = {isa = PBXFileReference; lastKnownFileType = sourcecode.swift; path = AppDelegate.swift; sourceTree = "<group>"; };
		1E99928023E4FC650088255B /* Assets.xcassets */ = {isa = PBXFileReference; lastKnownFileType = folder.assetcatalog; path = Assets.xcassets; sourceTree = "<group>"; };
		1E99928323E4FC650088255B /* Base */ = {isa = PBXFileReference; lastKnownFileType = file.storyboard; name = Base; path = Base.lproj/Main.storyboard; sourceTree = "<group>"; };
		1E99928523E4FC650088255B /* Info.plist */ = {isa = PBXFileReference; lastKnownFileType = text.plist.xml; path = Info.plist; sourceTree = "<group>"; };
		1E99928623E4FC650088255B /* Blueprint.entitlements */ = {isa = PBXFileReference; lastKnownFileType = text.plist.entitlements; path = Blueprint.entitlements; sourceTree = "<group>"; };
		1E99928B23E4FC660088255B /* BlueprintTests.xctest */ = {isa = PBXFileReference; explicitFileType = wrapper.cfbundle; includeInIndex = 0; path = BlueprintTests.xctest; sourceTree = BUILT_PRODUCTS_DIR; };
		1E99928F23E4FC660088255B /* BlueprintTests.swift */ = {isa = PBXFileReference; lastKnownFileType = sourcecode.swift; path = BlueprintTests.swift; sourceTree = "<group>"; };
		1E99929123E4FC660088255B /* Info.plist */ = {isa = PBXFileReference; lastKnownFileType = text.plist.xml; path = Info.plist; sourceTree = "<group>"; };
		1E99929623E4FC660088255B /* BlueprintUITests.xctest */ = {isa = PBXFileReference; explicitFileType = wrapper.cfbundle; includeInIndex = 0; path = BlueprintUITests.xctest; sourceTree = BUILT_PRODUCTS_DIR; };
		1E99929A23E4FC660088255B /* BlueprintUITests.swift */ = {isa = PBXFileReference; lastKnownFileType = sourcecode.swift; path = BlueprintUITests.swift; sourceTree = "<group>"; };
		1E99929C23E4FC660088255B /* Info.plist */ = {isa = PBXFileReference; lastKnownFileType = text.plist.xml; path = Info.plist; sourceTree = "<group>"; };
		1E9992AC23E4FDDB0088255B /* Team.swift */ = {isa = PBXFileReference; lastKnownFileType = sourcecode.swift; path = Team.swift; sourceTree = "<group>"; };
		1E9992AF23E4FF440088255B /* TeamRepository.swift */ = {isa = PBXFileReference; lastKnownFileType = sourcecode.swift; path = TeamRepository.swift; sourceTree = "<group>"; };
		1E9992B523E503F00088255B /* Teams.json */ = {isa = PBXFileReference; fileEncoding = 4; lastKnownFileType = text.json; path = Teams.json; sourceTree = "<group>"; };
		1E9992B923E5094C0088255B /* TeamListViewController.swift */ = {isa = PBXFileReference; lastKnownFileType = sourcecode.swift; path = TeamListViewController.swift; sourceTree = "<group>"; };
		1E9992BB23E509850088255B /* TeamDataSource.swift */ = {isa = PBXFileReference; lastKnownFileType = sourcecode.swift; path = TeamDataSource.swift; sourceTree = "<group>"; };
		1E9992BE23E50F200088255B /* TeamNameTableCellView.swift */ = {isa = PBXFileReference; lastKnownFileType = sourcecode.swift; path = TeamNameTableCellView.swift; sourceTree = "<group>"; };
/* End PBXFileReference section */

/* Begin PBXFrameworksBuildPhase section */
		1E99927623E4FC620088255B /* Frameworks */ = {
			isa = PBXFrameworksBuildPhase;
			buildActionMask = 2147483647;
			files = (
			);
			runOnlyForDeploymentPostprocessing = 0;
		};
		1E99928823E4FC660088255B /* Frameworks */ = {
			isa = PBXFrameworksBuildPhase;
			buildActionMask = 2147483647;
			files = (
			);
			runOnlyForDeploymentPostprocessing = 0;
		};
		1E99929323E4FC660088255B /* Frameworks */ = {
			isa = PBXFrameworksBuildPhase;
			buildActionMask = 2147483647;
			files = (
			);
			runOnlyForDeploymentPostprocessing = 0;
		};
/* End PBXFrameworksBuildPhase section */

/* Begin PBXGroup section */
		1E99927023E4FC620088255B = {
			isa = PBXGroup;
			children = (
				1E99927B23E4FC620088255B /* Blueprint */,
				1E99928E23E4FC660088255B /* BlueprintTests */,
				1E99929923E4FC660088255B /* BlueprintUITests */,
				1E99927A23E4FC620088255B /* Products */,
			);
			sourceTree = "<group>";
		};
		1E99927A23E4FC620088255B /* Products */ = {
			isa = PBXGroup;
			children = (
				1E99927923E4FC620088255B /* Blueprint.app */,
				1E99928B23E4FC660088255B /* BlueprintTests.xctest */,
				1E99929623E4FC660088255B /* BlueprintUITests.xctest */,
			);
			name = Products;
			sourceTree = "<group>";
		};
		1E99927B23E4FC620088255B /* Blueprint */ = {
			isa = PBXGroup;
			children = (
				1E99927C23E4FC620088255B /* AppDelegate.swift */,
				1E9992AB23E4FDC40088255B /* Models */,
				1E9992BD23E50E6A0088255B /* Views */,
				1E9992A823E4FC6B0088255B /* View Controllers */,
				1E9992AE23E4FF2F0088255B /* Repositories */,
				1E9992A923E4FC780088255B /* Supporting Files */,
				1E99928023E4FC650088255B /* Assets.xcassets */,
				1E99928523E4FC650088255B /* Info.plist */,
				1E99928623E4FC650088255B /* Blueprint.entitlements */,
			);
			path = Blueprint;
			sourceTree = "<group>";
		};
		1E99928E23E4FC660088255B /* BlueprintTests */ = {
			isa = PBXGroup;
			children = (
				1E99928F23E4FC660088255B /* BlueprintTests.swift */,
				1E99929123E4FC660088255B /* Info.plist */,
			);
			path = BlueprintTests;
			sourceTree = "<group>";
		};
		1E99929923E4FC660088255B /* BlueprintUITests */ = {
			isa = PBXGroup;
			children = (
				1E99929A23E4FC660088255B /* BlueprintUITests.swift */,
				1E99929C23E4FC660088255B /* Info.plist */,
			);
			path = BlueprintUITests;
			sourceTree = "<group>";
		};
		1E9992A823E4FC6B0088255B /* View Controllers */ = {
			isa = PBXGroup;
			children = (
				1E9992B923E5094C0088255B /* TeamListViewController.swift */,
				1E9992BB23E509850088255B /* TeamDataSource.swift */,
			);
			path = "View Controllers";
			sourceTree = "<group>";
		};
		1E9992A923E4FC780088255B /* Supporting Files */ = {
			isa = PBXGroup;
			children = (
				1E9992B423E503E60088255B /* Teams */,
				1E9992AA23E4FC860088255B /* Storyboards */,
			);
			path = "Supporting Files";
			sourceTree = "<group>";
		};
		1E9992AA23E4FC860088255B /* Storyboards */ = {
			isa = PBXGroup;
			children = (
				1E99928223E4FC650088255B /* Main.storyboard */,
			);
			path = Storyboards;
			sourceTree = "<group>";
		};
		1E9992AB23E4FDC40088255B /* Models */ = {
			isa = PBXGroup;
			children = (
				1E9992AC23E4FDDB0088255B /* Team.swift */,
			);
			path = Models;
			sourceTree = "<group>";
		};
		1E9992AE23E4FF2F0088255B /* Repositories */ = {
			isa = PBXGroup;
			children = (
				1E9992AF23E4FF440088255B /* TeamRepository.swift */,
			);
			path = Repositories;
			sourceTree = "<group>";
		};
		1E9992B423E503E60088255B /* Teams */ = {
			isa = PBXGroup;
			children = (
				1E9992B523E503F00088255B /* Teams.json */,
			);
			path = Teams;
			sourceTree = "<group>";
		};
		1E9992BD23E50E6A0088255B /* Views */ = {
			isa = PBXGroup;
			children = (
				1E9992BE23E50F200088255B /* TeamNameTableCellView.swift */,
			);
			path = Views;
			sourceTree = "<group>";
		};
/* End PBXGroup section */

/* Begin PBXNativeTarget section */
		1E99927823E4FC620088255B /* Blueprint */ = {
			isa = PBXNativeTarget;
			buildConfigurationList = 1E99929F23E4FC660088255B /* Build configuration list for PBXNativeTarget "Blueprint" */;
			buildPhases = (
				1E99927523E4FC620088255B /* Sources */,
				1E99927623E4FC620088255B /* Frameworks */,
				1E99927723E4FC620088255B /* Resources */,
			);
			buildRules = (
			);
			dependencies = (
			);
			name = Blueprint;
			productName = Blueprint;
			productReference = 1E99927923E4FC620088255B /* Blueprint.app */;
			productType = "com.apple.product-type.application";
		};
		1E99928A23E4FC660088255B /* BlueprintTests */ = {
			isa = PBXNativeTarget;
			buildConfigurationList = 1E9992A223E4FC660088255B /* Build configuration list for PBXNativeTarget "BlueprintTests" */;
			buildPhases = (
				1E99928723E4FC660088255B /* Sources */,
				1E99928823E4FC660088255B /* Frameworks */,
				1E99928923E4FC660088255B /* Resources */,
			);
			buildRules = (
			);
			dependencies = (
				1E99928D23E4FC660088255B /* PBXTargetDependency */,
			);
			name = BlueprintTests;
			productName = BlueprintTests;
			productReference = 1E99928B23E4FC660088255B /* BlueprintTests.xctest */;
			productType = "com.apple.product-type.bundle.unit-test";
		};
		1E99929523E4FC660088255B /* BlueprintUITests */ = {
			isa = PBXNativeTarget;
			buildConfigurationList = 1E9992A523E4FC660088255B /* Build configuration list for PBXNativeTarget "BlueprintUITests" */;
			buildPhases = (
				1E99929223E4FC660088255B /* Sources */,
				1E99929323E4FC660088255B /* Frameworks */,
				1E99929423E4FC660088255B /* Resources */,
			);
			buildRules = (
			);
			dependencies = (
				1E99929823E4FC660088255B /* PBXTargetDependency */,
			);
			name = BlueprintUITests;
			productName = BlueprintUITests;
			productReference = 1E99929623E4FC660088255B /* BlueprintUITests.xctest */;
			productType = "com.apple.product-type.bundle.ui-testing";
		};
/* End PBXNativeTarget section */

/* Begin PBXProject section */
		1E99927123E4FC620088255B /* Project object */ = {
			isa = PBXProject;
			attributes = {
				LastSwiftUpdateCheck = 1130;
				LastUpgradeCheck = 1130;
				ORGANIZATIONNAME = "Blueprint Technologies Inc.";
				TargetAttributes = {
					1E99927823E4FC620088255B = {
						CreatedOnToolsVersion = 11.3.1;
					};
					1E99928A23E4FC660088255B = {
						CreatedOnToolsVersion = 11.3.1;
						TestTargetID = 1E99927823E4FC620088255B;
					};
					1E99929523E4FC660088255B = {
						CreatedOnToolsVersion = 11.3.1;
						TestTargetID = 1E99927823E4FC620088255B;
					};
				};
			};
			buildConfigurationList = 1E99927423E4FC620088255B /* Build configuration list for PBXProject "Blueprint" */;
			compatibilityVersion = "Xcode 9.3";
			developmentRegion = en;
			hasScannedForEncodings = 0;
			knownRegions = (
				en,
				Base,
			);
			mainGroup = 1E99927023E4FC620088255B;
			productRefGroup = 1E99927A23E4FC620088255B /* Products */;
			projectDirPath = "";
			projectRoot = "";
			targets = (
				1E99927823E4FC620088255B /* Blueprint */,
				1E99928A23E4FC660088255B /* BlueprintTests */,
				1E99929523E4FC660088255B /* BlueprintUITests */,
			);
		};
/* End PBXProject section */

/* Begin PBXResourcesBuildPhase section */
		1E99927723E4FC620088255B /* Resources */ = {
			isa = PBXResourcesBuildPhase;
			buildActionMask = 2147483647;
			files = (
				1E99928123E4FC650088255B /* Assets.xcassets in Resources */,
				1E9992B623E503F00088255B /* Teams.json in Resources */,
				1E99928423E4FC650088255B /* Main.storyboard in Resources */,
			);
			runOnlyForDeploymentPostprocessing = 0;
		};
		1E99928923E4FC660088255B /* Resources */ = {
			isa = PBXResourcesBuildPhase;
			buildActionMask = 2147483647;
			files = (
			);
			runOnlyForDeploymentPostprocessing = 0;
		};
		1E99929423E4FC660088255B /* Resources */ = {
			isa = PBXResourcesBuildPhase;
			buildActionMask = 2147483647;
			files = (
			);
			runOnlyForDeploymentPostprocessing = 0;
		};
/* End PBXResourcesBuildPhase section */

/* Begin PBXSourcesBuildPhase section */
		1E99927523E4FC620088255B /* Sources */ = {
			isa = PBXSourcesBuildPhase;
			buildActionMask = 2147483647;
			files = (
				1E9992AD23E4FDDB0088255B /* Team.swift in Sources */,
				1E9992B023E4FF440088255B /* TeamRepository.swift in Sources */,
				1E9992BC23E509850088255B /* TeamDataSource.swift in Sources */,
				1E9992BA23E5094C0088255B /* TeamListViewController.swift in Sources */,
				1E9992BF23E50F200088255B /* TeamNameTableCellView.swift in Sources */,
				1E99927D23E4FC620088255B /* AppDelegate.swift in Sources */,
			);
			runOnlyForDeploymentPostprocessing = 0;
		};
		1E99928723E4FC660088255B /* Sources */ = {
			isa = PBXSourcesBuildPhase;
			buildActionMask = 2147483647;
			files = (
				1E99929023E4FC660088255B /* BlueprintTests.swift in Sources */,
			);
			runOnlyForDeploymentPostprocessing = 0;
		};
		1E99929223E4FC660088255B /* Sources */ = {
			isa = PBXSourcesBuildPhase;
			buildActionMask = 2147483647;
			files = (
				1E99929B23E4FC660088255B /* BlueprintUITests.swift in Sources */,
			);
			runOnlyForDeploymentPostprocessing = 0;
		};
/* End PBXSourcesBuildPhase section */

/* Begin PBXTargetDependency section */
		1E99928D23E4FC660088255B /* PBXTargetDependency */ = {
			isa = PBXTargetDependency;
			target = 1E99927823E4FC620088255B /* Blueprint */;
			targetProxy = 1E99928C23E4FC660088255B /* PBXContainerItemProxy */;
		};
		1E99929823E4FC660088255B /* PBXTargetDependency */ = {
			isa = PBXTargetDependency;
			target = 1E99927823E4FC620088255B /* Blueprint */;
			targetProxy = 1E99929723E4FC660088255B /* PBXContainerItemProxy */;
		};
/* End PBXTargetDependency section */

/* Begin PBXVariantGroup section */
		1E99928223E4FC650088255B /* Main.storyboard */ = {
			isa = PBXVariantGroup;
			children = (
				1E99928323E4FC650088255B /* Base */,
			);
			name = Main.storyboard;
			sourceTree = "<group>";
		};
/* End PBXVariantGroup section */

/* Begin XCBuildConfiguration section */
		1E99929D23E4FC660088255B /* Debug */ = {
			isa = XCBuildConfiguration;
			buildSettings = {
				ALWAYS_SEARCH_USER_PATHS = NO;
				CLANG_ANALYZER_NONNULL = YES;
				CLANG_ANALYZER_NUMBER_OBJECT_CONVERSION = YES_AGGRESSIVE;
				CLANG_CXX_LANGUAGE_STANDARD = "gnu++14";
				CLANG_CXX_LIBRARY = "libc++";
				CLANG_ENABLE_MODULES = YES;
				CLANG_ENABLE_OBJC_ARC = YES;
				CLANG_ENABLE_OBJC_WEAK = YES;
				CLANG_WARN_BLOCK_CAPTURE_AUTORELEASING = YES;
				CLANG_WARN_BOOL_CONVERSION = YES;
				CLANG_WARN_COMMA = YES;
				CLANG_WARN_CONSTANT_CONVERSION = YES;
				CLANG_WARN_DEPRECATED_OBJC_IMPLEMENTATIONS = YES;
				CLANG_WARN_DIRECT_OBJC_ISA_USAGE = YES_ERROR;
				CLANG_WARN_DOCUMENTATION_COMMENTS = YES;
				CLANG_WARN_EMPTY_BODY = YES;
				CLANG_WARN_ENUM_CONVERSION = YES;
				CLANG_WARN_INFINITE_RECURSION = YES;
				CLANG_WARN_INT_CONVERSION = YES;
				CLANG_WARN_NON_LITERAL_NULL_CONVERSION = YES;
				CLANG_WARN_OBJC_IMPLICIT_RETAIN_SELF = YES;
				CLANG_WARN_OBJC_LITERAL_CONVERSION = YES;
				CLANG_WARN_OBJC_ROOT_CLASS = YES_ERROR;
				CLANG_WARN_RANGE_LOOP_ANALYSIS = YES;
				CLANG_WARN_STRICT_PROTOTYPES = YES;
				CLANG_WARN_SUSPICIOUS_MOVE = YES;
				CLANG_WARN_UNGUARDED_AVAILABILITY = YES_AGGRESSIVE;
				CLANG_WARN_UNREACHABLE_CODE = YES;
				CLANG_WARN__DUPLICATE_METHOD_MATCH = YES;
				COPY_PHASE_STRIP = NO;
				DEBUG_INFORMATION_FORMAT = dwarf;
				ENABLE_STRICT_OBJC_MSGSEND = YES;
				ENABLE_TESTABILITY = YES;
				GCC_C_LANGUAGE_STANDARD = gnu11;
				GCC_DYNAMIC_NO_PIC = NO;
				GCC_NO_COMMON_BLOCKS = YES;
				GCC_OPTIMIZATION_LEVEL = 0;
				GCC_PREPROCESSOR_DEFINITIONS = (
					"DEBUG=1",
					"$(inherited)",
				);
				GCC_WARN_64_TO_32_BIT_CONVERSION = YES;
				GCC_WARN_ABOUT_RETURN_TYPE = YES_ERROR;
				GCC_WARN_UNDECLARED_SELECTOR = YES;
				GCC_WARN_UNINITIALIZED_AUTOS = YES_AGGRESSIVE;
				GCC_WARN_UNUSED_FUNCTION = YES;
				GCC_WARN_UNUSED_VARIABLE = YES;
				MACOSX_DEPLOYMENT_TARGET = 10.15;
				MTL_ENABLE_DEBUG_INFO = INCLUDE_SOURCE;
				MTL_FAST_MATH = YES;
				ONLY_ACTIVE_ARCH = YES;
				SDKROOT = macosx;
				SWIFT_ACTIVE_COMPILATION_CONDITIONS = DEBUG;
				SWIFT_OPTIMIZATION_LEVEL = "-Onone";
			};
			name = Debug;
		};
		1E99929E23E4FC660088255B /* Release */ = {
			isa = XCBuildConfiguration;
			buildSettings = {
				ALWAYS_SEARCH_USER_PATHS = NO;
				CLANG_ANALYZER_NONNULL = YES;
				CLANG_ANALYZER_NUMBER_OBJECT_CONVERSION = YES_AGGRESSIVE;
				CLANG_CXX_LANGUAGE_STANDARD = "gnu++14";
				CLANG_CXX_LIBRARY = "libc++";
				CLANG_ENABLE_MODULES = YES;
				CLANG_ENABLE_OBJC_ARC = YES;
				CLANG_ENABLE_OBJC_WEAK = YES;
				CLANG_WARN_BLOCK_CAPTURE_AUTORELEASING = YES;
				CLANG_WARN_BOOL_CONVERSION = YES;
				CLANG_WARN_COMMA = YES;
				CLANG_WARN_CONSTANT_CONVERSION = YES;
				CLANG_WARN_DEPRECATED_OBJC_IMPLEMENTATIONS = YES;
				CLANG_WARN_DIRECT_OBJC_ISA_USAGE = YES_ERROR;
				CLANG_WARN_DOCUMENTATION_COMMENTS = YES;
				CLANG_WARN_EMPTY_BODY = YES;
				CLANG_WARN_ENUM_CONVERSION = YES;
				CLANG_WARN_INFINITE_RECURSION = YES;
				CLANG_WARN_INT_CONVERSION = YES;
				CLANG_WARN_NON_LITERAL_NULL_CONVERSION = YES;
				CLANG_WARN_OBJC_IMPLICIT_RETAIN_SELF = YES;
				CLANG_WARN_OBJC_LITERAL_CONVERSION = YES;
				CLANG_WARN_OBJC_ROOT_CLASS = YES_ERROR;
				CLANG_WARN_RANGE_LOOP_ANALYSIS = YES;
				CLANG_WARN_STRICT_PROTOTYPES = YES;
				CLANG_WARN_SUSPICIOUS_MOVE = YES;
				CLANG_WARN_UNGUARDED_AVAILABILITY = YES_AGGRESSIVE;
				CLANG_WARN_UNREACHABLE_CODE = YES;
				CLANG_WARN__DUPLICATE_METHOD_MATCH = YES;
				COPY_PHASE_STRIP = NO;
				DEBUG_INFORMATION_FORMAT = "dwarf-with-dsym";
				ENABLE_NS_ASSERTIONS = NO;
				ENABLE_STRICT_OBJC_MSGSEND = YES;
				GCC_C_LANGUAGE_STANDARD = gnu11;
				GCC_NO_COMMON_BLOCKS = YES;
				GCC_WARN_64_TO_32_BIT_CONVERSION = YES;
				GCC_WARN_ABOUT_RETURN_TYPE = YES_ERROR;
				GCC_WARN_UNDECLARED_SELECTOR = YES;
				GCC_WARN_UNINITIALIZED_AUTOS = YES_AGGRESSIVE;
				GCC_WARN_UNUSED_FUNCTION = YES;
				GCC_WARN_UNUSED_VARIABLE = YES;
				MACOSX_DEPLOYMENT_TARGET = 10.15;
				MTL_ENABLE_DEBUG_INFO = NO;
				MTL_FAST_MATH = YES;
				SDKROOT = macosx;
				SWIFT_COMPILATION_MODE = wholemodule;
				SWIFT_OPTIMIZATION_LEVEL = "-O";
			};
			name = Release;
		};
		1E9992A023E4FC660088255B /* Debug */ = {
			isa = XCBuildConfiguration;
			buildSettings = {
				ASSETCATALOG_COMPILER_APPICON_NAME = AppIcon;
				CODE_SIGN_ENTITLEMENTS = Blueprint/Blueprint.entitlements;
				CODE_SIGN_STYLE = Automatic;
				COMBINE_HIDPI_IMAGES = YES;
				INFOPLIST_FILE = Blueprint/Info.plist;
				LD_RUNPATH_SEARCH_PATHS = (
					"$(inherited)",
					"@executable_path/../Frameworks",
				);
				PRODUCT_BUNDLE_IDENTIFIER = com.team3990.Blueprint;
				PRODUCT_NAME = "$(TARGET_NAME)";
				SWIFT_VERSION = 5.0;
			};
			name = Debug;
		};
		1E9992A123E4FC660088255B /* Release */ = {
			isa = XCBuildConfiguration;
			buildSettings = {
				ASSETCATALOG_COMPILER_APPICON_NAME = AppIcon;
				CODE_SIGN_ENTITLEMENTS = Blueprint/Blueprint.entitlements;
				CODE_SIGN_STYLE = Automatic;
				COMBINE_HIDPI_IMAGES = YES;
				INFOPLIST_FILE = Blueprint/Info.plist;
				LD_RUNPATH_SEARCH_PATHS = (
					"$(inherited)",
					"@executable_path/../Frameworks",
				);
				PRODUCT_BUNDLE_IDENTIFIER = com.team3990.Blueprint;
				PRODUCT_NAME = "$(TARGET_NAME)";
				SWIFT_VERSION = 5.0;
			};
			name = Release;
		};
		1E9992A323E4FC660088255B /* Debug */ = {
			isa = XCBuildConfiguration;
			buildSettings = {
				ALWAYS_EMBED_SWIFT_STANDARD_LIBRARIES = YES;
				BUNDLE_LOADER = "$(TEST_HOST)";
				CODE_SIGN_STYLE = Automatic;
				COMBINE_HIDPI_IMAGES = YES;
				INFOPLIST_FILE = BlueprintTests/Info.plist;
				LD_RUNPATH_SEARCH_PATHS = (
					"$(inherited)",
					"@executable_path/../Frameworks",
					"@loader_path/../Frameworks",
				);
				MACOSX_DEPLOYMENT_TARGET = 10.15;
				PRODUCT_BUNDLE_IDENTIFIER = com.team3990.BlueprintTests;
				PRODUCT_NAME = "$(TARGET_NAME)";
				SWIFT_VERSION = 5.0;
				TEST_HOST = "$(BUILT_PRODUCTS_DIR)/Blueprint.app/Contents/MacOS/Blueprint";
			};
			name = Debug;
		};
		1E9992A423E4FC660088255B /* Release */ = {
			isa = XCBuildConfiguration;
			buildSettings = {
				ALWAYS_EMBED_SWIFT_STANDARD_LIBRARIES = YES;
				BUNDLE_LOADER = "$(TEST_HOST)";
				CODE_SIGN_STYLE = Automatic;
				COMBINE_HIDPI_IMAGES = YES;
				INFOPLIST_FILE = BlueprintTests/Info.plist;
				LD_RUNPATH_SEARCH_PATHS = (
					"$(inherited)",
					"@executable_path/../Frameworks",
					"@loader_path/../Frameworks",
				);
				MACOSX_DEPLOYMENT_TARGET = 10.15;
				PRODUCT_BUNDLE_IDENTIFIER = com.team3990.BlueprintTests;
				PRODUCT_NAME = "$(TARGET_NAME)";
				SWIFT_VERSION = 5.0;
				TEST_HOST = "$(BUILT_PRODUCTS_DIR)/Blueprint.app/Contents/MacOS/Blueprint";
			};
			name = Release;
		};
		1E9992A623E4FC660088255B /* Debug */ = {
			isa = XCBuildConfiguration;
			buildSettings = {
				ALWAYS_EMBED_SWIFT_STANDARD_LIBRARIES = YES;
				CODE_SIGN_STYLE = Automatic;
				COMBINE_HIDPI_IMAGES = YES;
				INFOPLIST_FILE = BlueprintUITests/Info.plist;
				LD_RUNPATH_SEARCH_PATHS = (
					"$(inherited)",
					"@executable_path/../Frameworks",
					"@loader_path/../Frameworks",
				);
				PRODUCT_BUNDLE_IDENTIFIER = com.team3990.BlueprintUITests;
				PRODUCT_NAME = "$(TARGET_NAME)";
				SWIFT_VERSION = 5.0;
				TEST_TARGET_NAME = Blueprint;
			};
			name = Debug;
		};
		1E9992A723E4FC660088255B /* Release */ = {
			isa = XCBuildConfiguration;
			buildSettings = {
				ALWAYS_EMBED_SWIFT_STANDARD_LIBRARIES = YES;
				CODE_SIGN_STYLE = Automatic;
				COMBINE_HIDPI_IMAGES = YES;
				INFOPLIST_FILE = BlueprintUITests/Info.plist;
				LD_RUNPATH_SEARCH_PATHS = (
					"$(inherited)",
					"@executable_path/../Frameworks",
					"@loader_path/../Frameworks",
				);
				PRODUCT_BUNDLE_IDENTIFIER = com.team3990.BlueprintUITests;
				PRODUCT_NAME = "$(TARGET_NAME)";
				SWIFT_VERSION = 5.0;
				TEST_TARGET_NAME = Blueprint;
			};
			name = Release;
		};
/* End XCBuildConfiguration section */

/* Begin XCConfigurationList section */
		1E99927423E4FC620088255B /* Build configuration list for PBXProject "Blueprint" */ = {
			isa = XCConfigurationList;
			buildConfigurations = (
				1E99929D23E4FC660088255B /* Debug */,
				1E99929E23E4FC660088255B /* Release */,
			);
			defaultConfigurationIsVisible = 0;
			defaultConfigurationName = Release;
		};
		1E99929F23E4FC660088255B /* Build configuration list for PBXNativeTarget "Blueprint" */ = {
			isa = XCConfigurationList;
			buildConfigurations = (
				1E9992A023E4FC660088255B /* Debug */,
				1E9992A123E4FC660088255B /* Release */,
			);
			defaultConfigurationIsVisible = 0;
			defaultConfigurationName = Release;
		};
		1E9992A223E4FC660088255B /* Build configuration list for PBXNativeTarget "BlueprintTests" */ = {
			isa = XCConfigurationList;
			buildConfigurations = (
				1E9992A323E4FC660088255B /* Debug */,
				1E9992A423E4FC660088255B /* Release */,
			);
			defaultConfigurationIsVisible = 0;
			defaultConfigurationName = Release;
		};
		1E9992A523E4FC660088255B /* Build configuration list for PBXNativeTarget "BlueprintUITests" */ = {
			isa = XCConfigurationList;
			buildConfigurations = (
				1E9992A623E4FC660088255B /* Debug */,
				1E9992A723E4FC660088255B /* Release */,
			);
			defaultConfigurationIsVisible = 0;
			defaultConfigurationName = Release;
		};
/* End XCConfigurationList section */
	};
	rootObject = 1E99927123E4FC620088255B /* Project object */;
}
